// !$*UTF8*$!
{
	archiveVersion = 1;
	classes = {
	};
	objectVersion = 51;
	objects = {

/* Begin PBXBuildFile section */
		6575F4DEF386E89591C8430F /* Pods_Hijack.framework in Frameworks */ = {isa = PBXBuildFile; fileRef = 4AA2603E20266D456B8AB5A6 /* Pods_Hijack.framework */; };
		6B4962902477287200AEAC63 /* UILabel+Extensions.swift in Sources */ = {isa = PBXBuildFile; fileRef = 6B49628F2477287200AEAC63 /* UILabel+Extensions.swift */; };
		6B5657FE24704CD8003A560D /* AppDelegate.swift in Sources */ = {isa = PBXBuildFile; fileRef = 6B5657FD24704CD8003A560D /* AppDelegate.swift */; };
		6B56580024704CD8003A560D /* SceneDelegate.swift in Sources */ = {isa = PBXBuildFile; fileRef = 6B5657FF24704CD8003A560D /* SceneDelegate.swift */; };
		6B56580224704CD8003A560D /* LoginViewController.swift in Sources */ = {isa = PBXBuildFile; fileRef = 6B56580124704CD8003A560D /* LoginViewController.swift */; };
		6B56580524704CD8003A560D /* Main.storyboard in Resources */ = {isa = PBXBuildFile; fileRef = 6B56580324704CD8003A560D /* Main.storyboard */; };
		6B56580724704CD9003A560D /* Assets.xcassets in Resources */ = {isa = PBXBuildFile; fileRef = 6B56580624704CD9003A560D /* Assets.xcassets */; };
		6B56580A24704CD9003A560D /* LaunchScreen.storyboard in Resources */ = {isa = PBXBuildFile; fileRef = 6B56580824704CD9003A560D /* LaunchScreen.storyboard */; };
		6BB2158E247B38710054DED4 /* UIViewController+Extensions.swift in Sources */ = {isa = PBXBuildFile; fileRef = 6BB2158D247B38710054DED4 /* UIViewController+Extensions.swift */; };
		6BB21590247B3AB20054DED4 /* HomeViewController.swift in Sources */ = {isa = PBXBuildFile; fileRef = 6BB2158F247B3AB20054DED4 /* HomeViewController.swift */; };
		6BB390D924772C0F00457BBF /* UIImage+Extensions.swift in Sources */ = {isa = PBXBuildFile; fileRef = 6BB390D824772C0F00457BBF /* UIImage+Extensions.swift */; };
		6BB390DF2478D78B00457BBF /* AuthenticationSession.swift in Sources */ = {isa = PBXBuildFile; fileRef = 6BB390DE2478D78B00457BBF /* AuthenticationSession.swift */; };
		6BB390E1247AEE8100457BBF /* MainView.storyboard in Resources */ = {isa = PBXBuildFile; fileRef = 6BB390E0247AEE8100457BBF /* MainView.storyboard */; };
		6BEBC09F247C0D5400E26ED2 /* Goal.swift in Sources */ = {isa = PBXBuildFile; fileRef = 6BEBC09E247C0D5400E26ED2 /* Goal.swift */; };
/* End PBXBuildFile section */

/* Begin PBXFileReference section */
		04ABC7EE97EC935DC31051D5 /* Pods-Hijack.release.xcconfig */ = {isa = PBXFileReference; includeInIndex = 1; lastKnownFileType = text.xcconfig; name = "Pods-Hijack.release.xcconfig"; path = "Target Support Files/Pods-Hijack/Pods-Hijack.release.xcconfig"; sourceTree = "<group>"; };
		4AA2603E20266D456B8AB5A6 /* Pods_Hijack.framework */ = {isa = PBXFileReference; explicitFileType = wrapper.framework; includeInIndex = 0; path = Pods_Hijack.framework; sourceTree = BUILT_PRODUCTS_DIR; };
		6B49628F2477287200AEAC63 /* UILabel+Extensions.swift */ = {isa = PBXFileReference; lastKnownFileType = sourcecode.swift; name = "UILabel+Extensions.swift"; path = "../New Group/UILabel+Extensions.swift"; sourceTree = "<group>"; };
		6B5657FA24704CD8003A560D /* Hijack.app */ = {isa = PBXFileReference; explicitFileType = wrapper.application; includeInIndex = 0; path = Hijack.app; sourceTree = BUILT_PRODUCTS_DIR; };
		6B5657FD24704CD8003A560D /* AppDelegate.swift */ = {isa = PBXFileReference; lastKnownFileType = sourcecode.swift; path = AppDelegate.swift; sourceTree = "<group>"; };
		6B5657FF24704CD8003A560D /* SceneDelegate.swift */ = {isa = PBXFileReference; lastKnownFileType = sourcecode.swift; path = SceneDelegate.swift; sourceTree = "<group>"; };
		6B56580124704CD8003A560D /* LoginViewController.swift */ = {isa = PBXFileReference; lastKnownFileType = sourcecode.swift; path = LoginViewController.swift; sourceTree = "<group>"; };
		6B56580424704CD8003A560D /* Base */ = {isa = PBXFileReference; lastKnownFileType = file.storyboard; name = Base; path = Base.lproj/Main.storyboard; sourceTree = "<group>"; };
		6B56580624704CD9003A560D /* Assets.xcassets */ = {isa = PBXFileReference; lastKnownFileType = folder.assetcatalog; path = Assets.xcassets; sourceTree = "<group>"; };
		6B56580924704CD9003A560D /* Base */ = {isa = PBXFileReference; lastKnownFileType = file.storyboard; name = Base; path = Base.lproj/LaunchScreen.storyboard; sourceTree = "<group>"; };
		6B56580B24704CD9003A560D /* Info.plist */ = {isa = PBXFileReference; lastKnownFileType = text.plist.xml; path = Info.plist; sourceTree = "<group>"; };
		6BB2158D247B38710054DED4 /* UIViewController+Extensions.swift */ = {isa = PBXFileReference; lastKnownFileType = sourcecode.swift; path = "UIViewController+Extensions.swift"; sourceTree = "<group>"; };
		6BB2158F247B3AB20054DED4 /* HomeViewController.swift */ = {isa = PBXFileReference; lastKnownFileType = sourcecode.swift; path = HomeViewController.swift; sourceTree = "<group>"; };
		6BB390D824772C0F00457BBF /* UIImage+Extensions.swift */ = {isa = PBXFileReference; lastKnownFileType = sourcecode.swift; path = "UIImage+Extensions.swift"; sourceTree = "<group>"; };
		6BB390DE2478D78B00457BBF /* AuthenticationSession.swift */ = {isa = PBXFileReference; lastKnownFileType = sourcecode.swift; path = AuthenticationSession.swift; sourceTree = "<group>"; };
		6BB390E0247AEE8100457BBF /* MainView.storyboard */ = {isa = PBXFileReference; lastKnownFileType = file.storyboard; path = MainView.storyboard; sourceTree = "<group>"; };
		6BEBC09E247C0D5400E26ED2 /* Goal.swift */ = {isa = PBXFileReference; lastKnownFileType = sourcecode.swift; path = Goal.swift; sourceTree = "<group>"; };
		932B673B1E4B2DA4E3324815 /* Pods-Hijack.debug.xcconfig */ = {isa = PBXFileReference; includeInIndex = 1; lastKnownFileType = text.xcconfig; name = "Pods-Hijack.debug.xcconfig"; path = "Target Support Files/Pods-Hijack/Pods-Hijack.debug.xcconfig"; sourceTree = "<group>"; };
/* End PBXFileReference section */

/* Begin PBXFrameworksBuildPhase section */
		6B5657F724704CD8003A560D /* Frameworks */ = {
			isa = PBXFrameworksBuildPhase;
			buildActionMask = 2147483647;
			files = (
				6575F4DEF386E89591C8430F /* Pods_Hijack.framework in Frameworks */,
			);
			runOnlyForDeploymentPostprocessing = 0;
		};
/* End PBXFrameworksBuildPhase section */

/* Begin PBXGroup section */
		6B5657F124704CD8003A560D = {
			isa = PBXGroup;
			children = (
				6B5657FC24704CD8003A560D /* Hijack */,
				6B5657FB24704CD8003A560D /* Products */,
				FFA7173794885A7E3688C5D3 /* Pods */,
				BFDC042ECB17F925DDA49C20 /* Frameworks */,
			);
			sourceTree = "<group>";
		};
		6B5657FB24704CD8003A560D /* Products */ = {
			isa = PBXGroup;
			children = (
				6B5657FA24704CD8003A560D /* Hijack.app */,
			);
			name = Products;
			sourceTree = "<group>";
		};
		6B5657FC24704CD8003A560D /* Hijack */ = {
			isa = PBXGroup;
			children = (
				6BB390DD2478D76500457BBF /* Firebase Services */,
				6BB390DA2478D6E300457BBF /* Extensions */,
				6B5657FD24704CD8003A560D /* AppDelegate.swift */,
				6BEBC09B247C0CEE00E26ED2 /* Models */,
				6BEBC0A0247C8C6E00E26ED2 /* ViewControllers */,
				6B56580324704CD8003A560D /* Main.storyboard */,
				6B5657FF24704CD8003A560D /* SceneDelegate.swift */,
				6BB390E0247AEE8100457BBF /* MainView.storyboard */,
				6B56580624704CD9003A560D /* Assets.xcassets */,
				6B56580824704CD9003A560D /* LaunchScreen.storyboard */,
				6B56580B24704CD9003A560D /* Info.plist */,
			);
			path = Hijack;
			sourceTree = "<group>";
		};
		6BB390DA2478D6E300457BBF /* Extensions */ = {
			isa = PBXGroup;
			children = (
				6B49628F2477287200AEAC63 /* UILabel+Extensions.swift */,
				6BB2158D247B38710054DED4 /* UIViewController+Extensions.swift */,
				6BB390D824772C0F00457BBF /* UIImage+Extensions.swift */,
			);
			path = Extensions;
			sourceTree = "<group>";
		};
		6BB390DD2478D76500457BBF /* Firebase Services */ = {
			isa = PBXGroup;
			children = (
				6BB390DE2478D78B00457BBF /* AuthenticationSession.swift */,
			);
			path = "Firebase Services";
			sourceTree = "<group>";
		};
		6BEBC09B247C0CEE00E26ED2 /* Models */ = {
			isa = PBXGroup;
			children = (
				6BEBC09E247C0D5400E26ED2 /* Goal.swift */,
			);
			path = Models;
			sourceTree = "<group>";
		};
		6BEBC0A0247C8C6E00E26ED2 /* ViewControllers */ = {
			isa = PBXGroup;
			children = (
				6B56580124704CD8003A560D /* LoginViewController.swift */,
				6BB2158F247B3AB20054DED4 /* HomeViewController.swift */,
			);
			name = ViewControllers;
			path = Models/ViewControllers;
			sourceTree = "<group>";
		};
		BFDC042ECB17F925DDA49C20 /* Frameworks */ = {
			isa = PBXGroup;
			children = (
				4AA2603E20266D456B8AB5A6 /* Pods_Hijack.framework */,
			);
			name = Frameworks;
			sourceTree = "<group>";
		};
		FFA7173794885A7E3688C5D3 /* Pods */ = {
			isa = PBXGroup;
			children = (
				932B673B1E4B2DA4E3324815 /* Pods-Hijack.debug.xcconfig */,
				04ABC7EE97EC935DC31051D5 /* Pods-Hijack.release.xcconfig */,
			);
			path = Pods;
			sourceTree = "<group>";
		};
/* End PBXGroup section */

/* Begin PBXNativeTarget section */
		6B5657F924704CD8003A560D /* Hijack */ = {
			isa = PBXNativeTarget;
			buildConfigurationList = 6B56580E24704CD9003A560D /* Build configuration list for PBXNativeTarget "Hijack" */;
			buildPhases = (
				EF116D393A06B41B49F40B71 /* [CP] Check Pods Manifest.lock */,
				6B5657F624704CD8003A560D /* Sources */,
				6B5657F724704CD8003A560D /* Frameworks */,
				6B5657F824704CD8003A560D /* Resources */,
				594B2B4C6C43406CB764CA06 /* [CP] Embed Pods Frameworks */,
			);
			buildRules = (
			);
			dependencies = (
			);
			name = Hijack;
			productName = Hijack;
			productReference = 6B5657FA24704CD8003A560D /* Hijack.app */;
			productType = "com.apple.product-type.application";
		};
/* End PBXNativeTarget section */

/* Begin PBXProject section */
		6B5657F224704CD8003A560D /* Project object */ = {
			isa = PBXProject;
			attributes = {
				LastSwiftUpdateCheck = 1140;
				LastUpgradeCheck = 1140;
				ORGANIZATIONNAME = "Chelsi Christmas";
				TargetAttributes = {
					6B5657F924704CD8003A560D = {
						CreatedOnToolsVersion = 11.4.1;
					};
				};
			};
			buildConfigurationList = 6B5657F524704CD8003A560D /* Build configuration list for PBXProject "Hijack" */;
			compatibilityVersion = "Xcode 9.3";
			developmentRegion = en;
			hasScannedForEncodings = 0;
			knownRegions = (
				en,
				Base,
			);
			mainGroup = 6B5657F124704CD8003A560D;
			productRefGroup = 6B5657FB24704CD8003A560D /* Products */;
			projectDirPath = "";
			projectRoot = "";
			targets = (
				6B5657F924704CD8003A560D /* Hijack */,
			);
		};
/* End PBXProject section */

/* Begin PBXResourcesBuildPhase section */
		6B5657F824704CD8003A560D /* Resources */ = {
			isa = PBXResourcesBuildPhase;
			buildActionMask = 2147483647;
			files = (
				6B56580A24704CD9003A560D /* LaunchScreen.storyboard in Resources */,
				6B56580724704CD9003A560D /* Assets.xcassets in Resources */,
				6BB390E1247AEE8100457BBF /* MainView.storyboard in Resources */,
				6B56580524704CD8003A560D /* Main.storyboard in Resources */,
			);
			runOnlyForDeploymentPostprocessing = 0;
		};
/* End PBXResourcesBuildPhase section */

/* Begin PBXShellScriptBuildPhase section */
		594B2B4C6C43406CB764CA06 /* [CP] Embed Pods Frameworks */ = {
			isa = PBXShellScriptBuildPhase;
			buildActionMask = 2147483647;
			files = (
			);
			inputFileListPaths = (
				"${PODS_ROOT}/Target Support Files/Pods-Hijack/Pods-Hijack-frameworks-${CONFIGURATION}-input-files.xcfilelist",
			);
			name = "[CP] Embed Pods Frameworks";
			outputFileListPaths = (
				"${PODS_ROOT}/Target Support Files/Pods-Hijack/Pods-Hijack-frameworks-${CONFIGURATION}-output-files.xcfilelist",
			);
			runOnlyForDeploymentPostprocessing = 0;
			shellPath = /bin/sh;
			shellScript = "\"${PODS_ROOT}/Target Support Files/Pods-Hijack/Pods-Hijack-frameworks.sh\"\n";
			showEnvVarsInLog = 0;
		};
		EF116D393A06B41B49F40B71 /* [CP] Check Pods Manifest.lock */ = {
			isa = PBXShellScriptBuildPhase;
			buildActionMask = 2147483647;
			files = (
			);
			inputFileListPaths = (
			);
			inputPaths = (
				"${PODS_PODFILE_DIR_PATH}/Podfile.lock",
				"${PODS_ROOT}/Manifest.lock",
			);
			name = "[CP] Check Pods Manifest.lock";
			outputFileListPaths = (
			);
			outputPaths = (
				"$(DERIVED_FILE_DIR)/Pods-Hijack-checkManifestLockResult.txt",
			);
			runOnlyForDeploymentPostprocessing = 0;
			shellPath = /bin/sh;
			shellScript = "diff \"${PODS_PODFILE_DIR_PATH}/Podfile.lock\" \"${PODS_ROOT}/Manifest.lock\" > /dev/null\nif [ $? != 0 ] ; then\n    # print error to STDERR\n    echo \"error: The sandbox is not in sync with the Podfile.lock. Run 'pod install' or update your CocoaPods installation.\" >&2\n    exit 1\nfi\n# This output is used by Xcode 'outputs' to avoid re-running this script phase.\necho \"SUCCESS\" > \"${SCRIPT_OUTPUT_FILE_0}\"\n";
			showEnvVarsInLog = 0;
		};
/* End PBXShellScriptBuildPhase section */

/* Begin PBXSourcesBuildPhase section */
		6B5657F624704CD8003A560D /* Sources */ = {
			isa = PBXSourcesBuildPhase;
			buildActionMask = 2147483647;
			files = (
				6B4962902477287200AEAC63 /* UILabel+Extensions.swift in Sources */,
				6B56580224704CD8003A560D /* LoginViewController.swift in Sources */,
				6BB390D924772C0F00457BBF /* UIImage+Extensions.swift in Sources */,
				6BB2158E247B38710054DED4 /* UIViewController+Extensions.swift in Sources */,
				6B5657FE24704CD8003A560D /* AppDelegate.swift in Sources */,
				6BB390DF2478D78B00457BBF /* AuthenticationSession.swift in Sources */,
				6B56580024704CD8003A560D /* SceneDelegate.swift in Sources */,
				6BEBC09F247C0D5400E26ED2 /* Goal.swift in Sources */,
				6BB21590247B3AB20054DED4 /* HomeViewController.swift in Sources */,
			);
			runOnlyForDeploymentPostprocessing = 0;
		};
/* End PBXSourcesBuildPhase section */

/* Begin PBXVariantGroup section */
		6B56580324704CD8003A560D /* Main.storyboard */ = {
			isa = PBXVariantGroup;
			children = (
				6B56580424704CD8003A560D /* Base */,
			);
			name = Main.storyboard;
			sourceTree = "<group>";
		};
		6B56580824704CD9003A560D /* LaunchScreen.storyboard */ = {
			isa = PBXVariantGroup;
			children = (
				6B56580924704CD9003A560D /* Base */,
			);
			name = LaunchScreen.storyboard;
			sourceTree = "<group>";
		};
/* End PBXVariantGroup section */

/* Begin XCBuildConfiguration section */
		6B56580C24704CD9003A560D /* Debug */ = {
			isa = XCBuildConfiguration;
			buildSettings = {
				ALWAYS_SEARCH_USER_PATHS = NO;
				CLANG_ANALYZER_NONNULL = YES;
				CLANG_ANALYZER_NUMBER_OBJECT_CONVERSION = YES_AGGRESSIVE;
				CLANG_CXX_LANGUAGE_STANDARD = "gnu++14";
				CLANG_CXX_LIBRARY = "libc++";
				CLANG_ENABLE_MODULES = YES;
				CLANG_ENABLE_OBJC_ARC = YES;
				CLANG_ENABLE_OBJC_WEAK = YES;
				CLANG_WARN_BLOCK_CAPTURE_AUTORELEASING = YES;
				CLANG_WARN_BOOL_CONVERSION = YES;
				CLANG_WARN_COMMA = YES;
				CLANG_WARN_CONSTANT_CONVERSION = YES;
				CLANG_WARN_DEPRECATED_OBJC_IMPLEMENTATIONS = YES;
				CLANG_WARN_DIRECT_OBJC_ISA_USAGE = YES_ERROR;
				CLANG_WARN_DOCUMENTATION_COMMENTS = YES;
				CLANG_WARN_EMPTY_BODY = YES;
				CLANG_WARN_ENUM_CONVERSION = YES;
				CLANG_WARN_INFINITE_RECURSION = YES;
				CLANG_WARN_INT_CONVERSION = YES;
				CLANG_WARN_NON_LITERAL_NULL_CONVERSION = YES;
				CLANG_WARN_OBJC_IMPLICIT_RETAIN_SELF = YES;
				CLANG_WARN_OBJC_LITERAL_CONVERSION = YES;
				CLANG_WARN_OBJC_ROOT_CLASS = YES_ERROR;
				CLANG_WARN_RANGE_LOOP_ANALYSIS = YES;
				CLANG_WARN_STRICT_PROTOTYPES = YES;
				CLANG_WARN_SUSPICIOUS_MOVE = YES;
				CLANG_WARN_UNGUARDED_AVAILABILITY = YES_AGGRESSIVE;
				CLANG_WARN_UNREACHABLE_CODE = YES;
				CLANG_WARN__DUPLICATE_METHOD_MATCH = YES;
				COPY_PHASE_STRIP = NO;
				DEBUG_INFORMATION_FORMAT = dwarf;
				ENABLE_STRICT_OBJC_MSGSEND = YES;
				ENABLE_TESTABILITY = YES;
				GCC_C_LANGUAGE_STANDARD = gnu11;
				GCC_DYNAMIC_NO_PIC = NO;
				GCC_NO_COMMON_BLOCKS = YES;
				GCC_OPTIMIZATION_LEVEL = 0;
				GCC_PREPROCESSOR_DEFINITIONS = (
					"DEBUG=1",
					"$(inherited)",
				);
				GCC_WARN_64_TO_32_BIT_CONVERSION = YES;
				GCC_WARN_ABOUT_RETURN_TYPE = YES_ERROR;
				GCC_WARN_UNDECLARED_SELECTOR = YES;
				GCC_WARN_UNINITIALIZED_AUTOS = YES_AGGRESSIVE;
				GCC_WARN_UNUSED_FUNCTION = YES;
				GCC_WARN_UNUSED_VARIABLE = YES;
				IPHONEOS_DEPLOYMENT_TARGET = 13.4;
				MTL_ENABLE_DEBUG_INFO = INCLUDE_SOURCE;
				MTL_FAST_MATH = YES;
				ONLY_ACTIVE_ARCH = YES;
				SDKROOT = iphoneos;
				SWIFT_ACTIVE_COMPILATION_CONDITIONS = DEBUG;
				SWIFT_OPTIMIZATION_LEVEL = "-Onone";
			};
			name = Debug;
		};
		6B56580D24704CD9003A560D /* Release */ = {
			isa = XCBuildConfiguration;
			buildSettings = {
				ALWAYS_SEARCH_USER_PATHS = NO;
				CLANG_ANALYZER_NONNULL = YES;
				CLANG_ANALYZER_NUMBER_OBJECT_CONVERSION = YES_AGGRESSIVE;
				CLANG_CXX_LANGUAGE_STANDARD = "gnu++14";
				CLANG_CXX_LIBRARY = "libc++";
				CLANG_ENABLE_MODULES = YES;
				CLANG_ENABLE_OBJC_ARC = YES;
				CLANG_ENABLE_OBJC_WEAK = YES;
				CLANG_WARN_BLOCK_CAPTURE_AUTORELEASING = YES;
				CLANG_WARN_BOOL_CONVERSION = YES;
				CLANG_WARN_COMMA = YES;
				CLANG_WARN_CONSTANT_CONVERSION = YES;
				CLANG_WARN_DEPRECATED_OBJC_IMPLEMENTATIONS = YES;
				CLANG_WARN_DIRECT_OBJC_ISA_USAGE = YES_ERROR;
				CLANG_WARN_DOCUMENTATION_COMMENTS = YES;
				CLANG_WARN_EMPTY_BODY = YES;
				CLANG_WARN_ENUM_CONVERSION = YES;
				CLANG_WARN_INFINITE_RECURSION = YES;
				CLANG_WARN_INT_CONVERSION = YES;
				CLANG_WARN_NON_LITERAL_NULL_CONVERSION = YES;
				CLANG_WARN_OBJC_IMPLICIT_RETAIN_SELF = YES;
				CLANG_WARN_OBJC_LITERAL_CONVERSION = YES;
				CLANG_WARN_OBJC_ROOT_CLASS = YES_ERROR;
				CLANG_WARN_RANGE_LOOP_ANALYSIS = YES;
				CLANG_WARN_STRICT_PROTOTYPES = YES;
				CLANG_WARN_SUSPICIOUS_MOVE = YES;
				CLANG_WARN_UNGUARDED_AVAILABILITY = YES_AGGRESSIVE;
				CLANG_WARN_UNREACHABLE_CODE = YES;
				CLANG_WARN__DUPLICATE_METHOD_MATCH = YES;
				COPY_PHASE_STRIP = NO;
				DEBUG_INFORMATION_FORMAT = "dwarf-with-dsym";
				ENABLE_NS_ASSERTIONS = NO;
				ENABLE_STRICT_OBJC_MSGSEND = YES;
				GCC_C_LANGUAGE_STANDARD = gnu11;
				GCC_NO_COMMON_BLOCKS = YES;
				GCC_WARN_64_TO_32_BIT_CONVERSION = YES;
				GCC_WARN_ABOUT_RETURN_TYPE = YES_ERROR;
				GCC_WARN_UNDECLARED_SELECTOR = YES;
				GCC_WARN_UNINITIALIZED_AUTOS = YES_AGGRESSIVE;
				GCC_WARN_UNUSED_FUNCTION = YES;
				GCC_WARN_UNUSED_VARIABLE = YES;
				IPHONEOS_DEPLOYMENT_TARGET = 13.4;
				MTL_ENABLE_DEBUG_INFO = NO;
				MTL_FAST_MATH = YES;
				SDKROOT = iphoneos;
				SWIFT_COMPILATION_MODE = wholemodule;
				SWIFT_OPTIMIZATION_LEVEL = "-O";
				VALIDATE_PRODUCT = YES;
			};
			name = Release;
		};
		6B56580F24704CD9003A560D /* Debug */ = {
			isa = XCBuildConfiguration;
			baseConfigurationReference = 932B673B1E4B2DA4E3324815 /* Pods-Hijack.debug.xcconfig */;
			buildSettings = {
				ASSETCATALOG_COMPILER_APPICON_NAME = AppIcon;
				CODE_SIGN_STYLE = Automatic;
				DEVELOPMENT_TEAM = YC2567VA38;
				INFOPLIST_FILE = Hijack/Info.plist;
				LD_RUNPATH_SEARCH_PATHS = (
					"$(inherited)",
					"@executable_path/Frameworks",
				);
				PRODUCT_BUNDLE_IDENTIFIER = com.ChelsiChristmas.Hijack;
				PRODUCT_NAME = "$(TARGET_NAME)";
				SWIFT_VERSION = 5.0;
				TARGETED_DEVICE_FAMILY = "1,2";
			};
			name = Debug;
		};
		6B56581024704CD9003A560D /* Release */ = {
			isa = XCBuildConfiguration;
			baseConfigurationReference = 04ABC7EE97EC935DC31051D5 /* Pods-Hijack.release.xcconfig */;
			buildSettings = {
				ASSETCATALOG_COMPILER_APPICON_NAME = AppIcon;
				CODE_SIGN_STYLE = Automatic;
				DEVELOPMENT_TEAM = YC2567VA38;
				INFOPLIST_FILE = Hijack/Info.plist;
				LD_RUNPATH_SEARCH_PATHS = (
					"$(inherited)",
					"@executable_path/Frameworks",
				);
				PRODUCT_BUNDLE_IDENTIFIER = com.ChelsiChristmas.Hijack;
				PRODUCT_NAME = "$(TARGET_NAME)";
				SWIFT_VERSION = 5.0;
				TARGETED_DEVICE_FAMILY = "1,2";
			};
			name = Release;
		};
/* End XCBuildConfiguration section */

/* Begin XCConfigurationList section */
		6B5657F524704CD8003A560D /* Build configuration list for PBXProject "Hijack" */ = {
			isa = XCConfigurationList;
			buildConfigurations = (
				6B56580C24704CD9003A560D /* Debug */,
				6B56580D24704CD9003A560D /* Release */,
			);
			defaultConfigurationIsVisible = 0;
			defaultConfigurationName = Release;
		};
		6B56580E24704CD9003A560D /* Build configuration list for PBXNativeTarget "Hijack" */ = {
			isa = XCConfigurationList;
			buildConfigurations = (
				6B56580F24704CD9003A560D /* Debug */,
				6B56581024704CD9003A560D /* Release */,
			);
			defaultConfigurationIsVisible = 0;
			defaultConfigurationName = Release;
		};
/* End XCConfigurationList section */
	};
	rootObject = 6B5657F224704CD8003A560D /* Project object */;
}
